
Microsoft Visual Studio Solution File, Format Version 12.00
# Visual Studio Version 16
VisualStudioVersion = 16.0.33027.164
MinimumVisualStudioVersion = 10.0.40219.1
Project("{FAE04EC0-301F-11D3-BF4B-00C04F79EFBC}") = "MathApplicationTest", "MathApplicationTest\MathApplicationTest.csproj", "{BFBE2444-5763-4114-99ED-40033712A57B}"
EndProject
Project("{FAE04EC0-301F-11D3-BF4B-00C04F79EFBC}") = "MathApplication", "MathApplication\MathApplication.csproj", "{9A783893-51C6-485D-AC56-69B48C6BD7AE}"
EndProject
Global
	GlobalSection(SolutionConfigurationPlatforms) = preSolution
		Debug|Any CPU = Debug|Any CPU
		Release|Any CPU = Release|Any CPU
	EndGlobalSection
	GlobalSection(ProjectConfigurationPlatforms) = postSolution
		{BFBE2444-5763-4114-99ED-40033712A57B}.Debug|Any CPU.ActiveCfg = Debug|Any CPU
		{BFBE2444-5763-4114-99ED-40033712A57B}.Debug|Any CPU.Build.0 = Debug|Any CPU
		{BFBE2444-5763-4114-99ED-40033712A57B}.Release|Any CPU.ActiveCfg = Release|Any CPU
		{BFBE2444-5763-4114-99ED-40033712A57B}.Release|Any CPU.Build.0 = Release|Any CPU
		{9A783893-51C6-485D-AC56-69B48C6BD7AE}.Debug|Any CPU.ActiveCfg = Debug|Any CPU
		{9A783893-51C6-485D-AC56-69B48C6BD7AE}.Debug|Any CPU.Build.0 = Debug|Any CPU
		{9A783893-51C6-485D-AC56-69B48C6BD7AE}.Release|Any CPU.ActiveCfg = Release|Any CPU
		{9A783893-51C6-485D-AC56-69B48C6BD7AE}.Release|Any CPU.Build.0 = Release|Any CPU
	EndGlobalSection
	GlobalSection(SolutionProperties) = preSolution
		HideSolutionNode = FALSE
	EndGlobalSection
	GlobalSection(ExtensibilityGlobals) = postSolution
		SolutionGuid = {7E53831B-EC97-444B-A808-29445CDD392E}
	EndGlobalSection
EndGlobal
